// !$*UTF8*$!
{
	archiveVersion = 1;
	classes = {
	};
	objectVersion = 50;
	objects = {

/* Begin PBXBuildFile section */
		1A14BD442589EF0B00AF7C34 /* UIButton+Extend.m in Sources */ = {isa = PBXBuildFile; fileRef = 1A14BD362589EF0B00AF7C34 /* UIButton+Extend.m */; };
		1A14BD452589EF0B00AF7C34 /* NSObject+Extend.m in Sources */ = {isa = PBXBuildFile; fileRef = 1A14BD372589EF0B00AF7C34 /* NSObject+Extend.m */; };
		1A14BD462589EF0B00AF7C34 /* UIImageView+Extend.m in Sources */ = {isa = PBXBuildFile; fileRef = 1A14BD3E2589EF0B00AF7C34 /* UIImageView+Extend.m */; };
		1A14BD472589EF0B00AF7C34 /* NSArray+CrashHandler.m in Sources */ = {isa = PBXBuildFile; fileRef = 1A14BD3F2589EF0B00AF7C34 /* NSArray+CrashHandler.m */; };
		1A14BD482589EF0B00AF7C34 /* UIImage+Extend.m in Sources */ = {isa = PBXBuildFile; fileRef = 1A14BD402589EF0B00AF7C34 /* UIImage+Extend.m */; };
		1A14BD492589EF0B00AF7C34 /* NSString+Extend.m in Sources */ = {isa = PBXBuildFile; fileRef = 1A14BD422589EF0B00AF7C34 /* NSString+Extend.m */; };
		1A14BD4A2589EF0B00AF7C34 /* UISearchBar+Extend.m in Sources */ = {isa = PBXBuildFile; fileRef = 1A14BD432589EF0B00AF7C34 /* UISearchBar+Extend.m */; };
		1A3FB586257F63110063CC46 /* AppDelegate.m in Sources */ = {isa = PBXBuildFile; fileRef = 1A3FB585257F63110063CC46 /* AppDelegate.m */; };
		1A3FB589257F63110063CC46 /* SceneDelegate.m in Sources */ = {isa = PBXBuildFile; fileRef = 1A3FB588257F63110063CC46 /* SceneDelegate.m */; };
		1A3FB58C257F63110063CC46 /* ViewController.m in Sources */ = {isa = PBXBuildFile; fileRef = 1A3FB58B257F63110063CC46 /* ViewController.m */; };
		1A3FB58F257F63110063CC46 /* Main.storyboard in Resources */ = {isa = PBXBuildFile; fileRef = 1A3FB58D257F63110063CC46 /* Main.storyboard */; };
		1A3FB591257F63130063CC46 /* Assets.xcassets in Resources */ = {isa = PBXBuildFile; fileRef = 1A3FB590257F63130063CC46 /* Assets.xcassets */; };
		1A3FB594257F63130063CC46 /* LaunchScreen.storyboard in Resources */ = {isa = PBXBuildFile; fileRef = 1A3FB592257F63130063CC46 /* LaunchScreen.storyboard */; };
		1A3FB597257F63130063CC46 /* main.m in Sources */ = {isa = PBXBuildFile; fileRef = 1A3FB596257F63130063CC46 /* main.m */; };
/* End PBXBuildFile section */

/* Begin PBXFileReference section */
		1A14BD362589EF0B00AF7C34 /* UIButton+Extend.m */ = {isa = PBXFileReference; fileEncoding = 4; lastKnownFileType = sourcecode.c.objc; path = "UIButton+Extend.m"; sourceTree = "<group>"; };
		1A14BD372589EF0B00AF7C34 /* NSObject+Extend.m */ = {isa = PBXFileReference; fileEncoding = 4; lastKnownFileType = sourcecode.c.objc; path = "NSObject+Extend.m"; sourceTree = "<group>"; };
		1A14BD382589EF0B00AF7C34 /* UIImage+Extend.h */ = {isa = PBXFileReference; fileEncoding = 4; lastKnownFileType = sourcecode.c.h; path = "UIImage+Extend.h"; sourceTree = "<group>"; };
		1A14BD392589EF0B00AF7C34 /* NSArray+CrashHandler.h */ = {isa = PBXFileReference; fileEncoding = 4; lastKnownFileType = sourcecode.c.h; path = "NSArray+CrashHandler.h"; sourceTree = "<group>"; };
		1A14BD3A2589EF0B00AF7C34 /* UIImageView+Extend.h */ = {isa = PBXFileReference; fileEncoding = 4; lastKnownFileType = sourcecode.c.h; path = "UIImageView+Extend.h"; sourceTree = "<group>"; };
		1A14BD3B2589EF0B00AF7C34 /* UISearchBar+Extend.h */ = {isa = PBXFileReference; fileEncoding = 4; lastKnownFileType = sourcecode.c.h; path = "UISearchBar+Extend.h"; sourceTree = "<group>"; };
		1A14BD3C2589EF0B00AF7C34 /* NSString+Extend.h */ = {isa = PBXFileReference; fileEncoding = 4; lastKnownFileType = sourcecode.c.h; path = "NSString+Extend.h"; sourceTree = "<group>"; };
		1A14BD3D2589EF0B00AF7C34 /* UIButton+Extend.h */ = {isa = PBXFileReference; fileEncoding = 4; lastKnownFileType = sourcecode.c.h; path = "UIButton+Extend.h"; sourceTree = "<group>"; };
		1A14BD3E2589EF0B00AF7C34 /* UIImageView+Extend.m */ = {isa = PBXFileReference; fileEncoding = 4; lastKnownFileType = sourcecode.c.objc; path = "UIImageView+Extend.m"; sourceTree = "<group>"; };
		1A14BD3F2589EF0B00AF7C34 /* NSArray+CrashHandler.m */ = {isa = PBXFileReference; fileEncoding = 4; lastKnownFileType = sourcecode.c.objc; path = "NSArray+CrashHandler.m"; sourceTree = "<group>"; };
		1A14BD402589EF0B00AF7C34 /* UIImage+Extend.m */ = {isa = PBXFileReference; fileEncoding = 4; lastKnownFileType = sourcecode.c.objc; path = "UIImage+Extend.m"; sourceTree = "<group>"; };
		1A14BD412589EF0B00AF7C34 /* NSObject+Extend.h */ = {isa = PBXFileReference; fileEncoding = 4; lastKnownFileType = sourcecode.c.h; path = "NSObject+Extend.h"; sourceTree = "<group>"; };
		1A14BD422589EF0B00AF7C34 /* NSString+Extend.m */ = {isa = PBXFileReference; fileEncoding = 4; lastKnownFileType = sourcecode.c.objc; path = "NSString+Extend.m"; sourceTree = "<group>"; };
		1A14BD432589EF0B00AF7C34 /* UISearchBar+Extend.m */ = {isa = PBXFileReference; fileEncoding = 4; lastKnownFileType = sourcecode.c.objc; path = "UISearchBar+Extend.m"; sourceTree = "<group>"; };
		1A3FB581257F63110063CC46 /* OffScreen.app */ = {isa = PBXFileReference; explicitFileType = wrapper.application; includeInIndex = 0; path = OffScreen.app; sourceTree = BUILT_PRODUCTS_DIR; };
		1A3FB584257F63110063CC46 /* AppDelegate.h */ = {isa = PBXFileReference; lastKnownFileType = sourcecode.c.h; path = AppDelegate.h; sourceTree = "<group>"; };
		1A3FB585257F63110063CC46 /* AppDelegate.m */ = {isa = PBXFileReference; lastKnownFileType = sourcecode.c.objc; path = AppDelegate.m; sourceTree = "<group>"; };
		1A3FB587257F63110063CC46 /* SceneDelegate.h */ = {isa = PBXFileReference; lastKnownFileType = sourcecode.c.h; path = SceneDelegate.h; sourceTree = "<group>"; };
		1A3FB588257F63110063CC46 /* SceneDelegate.m */ = {isa = PBXFileReference; lastKnownFileType = sourcecode.c.objc; path = SceneDelegate.m; sourceTree = "<group>"; };
		1A3FB58A257F63110063CC46 /* ViewController.h */ = {isa = PBXFileReference; lastKnownFileType = sourcecode.c.h; path = ViewController.h; sourceTree = "<group>"; };
		1A3FB58B257F63110063CC46 /* ViewController.m */ = {isa = PBXFileReference; lastKnownFileType = sourcecode.c.objc; path = ViewController.m; sourceTree = "<group>"; };
		1A3FB58E257F63110063CC46 /* Base */ = {isa = PBXFileReference; lastKnownFileType = file.storyboard; name = Base; path = Base.lproj/Main.storyboard; sourceTree = "<group>"; };
		1A3FB590257F63130063CC46 /* Assets.xcassets */ = {isa = PBXFileReference; lastKnownFileType = folder.assetcatalog; path = Assets.xcassets; sourceTree = "<group>"; };
		1A3FB593257F63130063CC46 /* Base */ = {isa = PBXFileReference; lastKnownFileType = file.storyboard; name = Base; path = Base.lproj/LaunchScreen.storyboard; sourceTree = "<group>"; };
		1A3FB595257F63130063CC46 /* Info.plist */ = {isa = PBXFileReference; lastKnownFileType = text.plist.xml; path = Info.plist; sourceTree = "<group>"; };
		1A3FB596257F63130063CC46 /* main.m */ = {isa = PBXFileReference; lastKnownFileType = sourcecode.c.objc; path = main.m; sourceTree = "<group>"; };
/* End PBXFileReference section */

/* Begin PBXFrameworksBuildPhase section */
		1A3FB57E257F63110063CC46 /* Frameworks */ = {
			isa = PBXFrameworksBuildPhase;
			buildActionMask = 2147483647;
			files = (
			);
			runOnlyForDeploymentPostprocessing = 0;
		};
/* End PBXFrameworksBuildPhase section */

/* Begin PBXGroup section */
		1A14BD352589EF0B00AF7C34 /* Category */ = {
			isa = PBXGroup;
			children = (
				1A14BD392589EF0B00AF7C34 /* NSArray+CrashHandler.h */,
				1A14BD3F2589EF0B00AF7C34 /* NSArray+CrashHandler.m */,
				1A14BD412589EF0B00AF7C34 /* NSObject+Extend.h */,
				1A14BD372589EF0B00AF7C34 /* NSObject+Extend.m */,
				1A14BD3C2589EF0B00AF7C34 /* NSString+Extend.h */,
				1A14BD422589EF0B00AF7C34 /* NSString+Extend.m */,
				1A14BD3D2589EF0B00AF7C34 /* UIButton+Extend.h */,
				1A14BD362589EF0B00AF7C34 /* UIButton+Extend.m */,
				1A14BD382589EF0B00AF7C34 /* UIImage+Extend.h */,
				1A14BD402589EF0B00AF7C34 /* UIImage+Extend.m */,
				1A14BD3A2589EF0B00AF7C34 /* UIImageView+Extend.h */,
				1A14BD3E2589EF0B00AF7C34 /* UIImageView+Extend.m */,
				1A14BD3B2589EF0B00AF7C34 /* UISearchBar+Extend.h */,
				1A14BD432589EF0B00AF7C34 /* UISearchBar+Extend.m */,
			);
			path = Category;
			sourceTree = "<group>";
		};
		1A3FB578257F63110063CC46 = {
			isa = PBXGroup;
			children = (
				1A3FB583257F63110063CC46 /* OffScreen */,
				1A3FB582257F63110063CC46 /* Products */,
			);
			sourceTree = "<group>";
		};
		1A3FB582257F63110063CC46 /* Products */ = {
			isa = PBXGroup;
			children = (
				1A3FB581257F63110063CC46 /* OffScreen.app */,
			);
			name = Products;
			sourceTree = "<group>";
		};
		1A3FB583257F63110063CC46 /* OffScreen */ = {
			isa = PBXGroup;
			children = (
				1A3FB584257F63110063CC46 /* AppDelegate.h */,
				1A3FB585257F63110063CC46 /* AppDelegate.m */,
				1A3FB587257F63110063CC46 /* SceneDelegate.h */,
				1A3FB588257F63110063CC46 /* SceneDelegate.m */,
				1A3FB58A257F63110063CC46 /* ViewController.h */,
				1A3FB58B257F63110063CC46 /* ViewController.m */,
				1A14BD352589EF0B00AF7C34 /* Category */,
				1A3FB58D257F63110063CC46 /* Main.storyboard */,
				1A3FB590257F63130063CC46 /* Assets.xcassets */,
				1A3FB592257F63130063CC46 /* LaunchScreen.storyboard */,
				1A3FB595257F63130063CC46 /* Info.plist */,
				1A3FB596257F63130063CC46 /* main.m */,
			);
			path = OffScreen;
			sourceTree = "<group>";
		};
/* End PBXGroup section */

/* Begin PBXNativeTarget section */
		1A3FB580257F63110063CC46 /* OffScreen */ = {
			isa = PBXNativeTarget;
			buildConfigurationList = 1A3FB59A257F63130063CC46 /* Build configuration list for PBXNativeTarget "OffScreen" */;
			buildPhases = (
				1A3FB57D257F63110063CC46 /* Sources */,
				1A3FB57E257F63110063CC46 /* Frameworks */,
				1A3FB57F257F63110063CC46 /* Resources */,
			);
			buildRules = (
			);
			dependencies = (
			);
			name = OffScreen;
			productName = OffScreen;
			productReference = 1A3FB581257F63110063CC46 /* OffScreen.app */;
			productType = "com.apple.product-type.application";
		};
/* End PBXNativeTarget section */

/* Begin PBXProject section */
		1A3FB579257F63110063CC46 /* Project object */ = {
			isa = PBXProject;
			attributes = {
				LastUpgradeCheck = 1220;
				TargetAttributes = {
					1A3FB580257F63110063CC46 = {
						CreatedOnToolsVersion = 12.2;
					};
				};
			};
			buildConfigurationList = 1A3FB57C257F63110063CC46 /* Build configuration list for PBXProject "OffScreen" */;
			compatibilityVersion = "Xcode 9.3";
			developmentRegion = en;
			hasScannedForEncodings = 0;
			knownRegions = (
				en,
				Base,
			);
			mainGroup = 1A3FB578257F63110063CC46;
			productRefGroup = 1A3FB582257F63110063CC46 /* Products */;
			projectDirPath = "";
			projectRoot = "";
			targets = (
				1A3FB580257F63110063CC46 /* OffScreen */,
			);
		};
/* End PBXProject section */

/* Begin PBXResourcesBuildPhase section */
		1A3FB57F257F63110063CC46 /* Resources */ = {
			isa = PBXResourcesBuildPhase;
			buildActionMask = 2147483647;
			files = (
				1A3FB594257F63130063CC46 /* LaunchScreen.storyboard in Resources */,
				1A3FB591257F63130063CC46 /* Assets.xcassets in Resources */,
				1A3FB58F257F63110063CC46 /* Main.storyboard in Resources */,
			);
			runOnlyForDeploymentPostprocessing = 0;
		};
/* End PBXResourcesBuildPhase section */

/* Begin PBXSourcesBuildPhase section */
		1A3FB57D257F63110063CC46 /* Sources */ = {
			isa = PBXSourcesBuildPhase;
			buildActionMask = 2147483647;
			files = (
				1A14BD4A2589EF0B00AF7C34 /* UISearchBar+Extend.m in Sources */,
				1A14BD462589EF0B00AF7C34 /* UIImageView+Extend.m in Sources */,
				1A14BD442589EF0B00AF7C34 /* UIButton+Extend.m in Sources */,
				1A14BD482589EF0B00AF7C34 /* UIImage+Extend.m in Sources */,
				1A3FB58C257F63110063CC46 /* ViewController.m in Sources */,
				1A14BD472589EF0B00AF7C34 /* NSArray+CrashHandler.m in Sources */,
				1A3FB586257F63110063CC46 /* AppDelegate.m in Sources */,
				1A14BD452589EF0B00AF7C34 /* NSObject+Extend.m in Sources */,
				1A3FB597257F63130063CC46 /* main.m in Sources */,
				1A3FB589257F63110063CC46 /* SceneDelegate.m in Sources */,
				1A14BD492589EF0B00AF7C34 /* NSString+Extend.m in Sources */,
			);
			runOnlyForDeploymentPostprocessing = 0;
		};
/* End PBXSourcesBuildPhase section */

/* Begin PBXVariantGroup section */
		1A3FB58D257F63110063CC46 /* Main.storyboard */ = {
			isa = PBXVariantGroup;
			children = (
				1A3FB58E257F63110063CC46 /* Base */,
			);
			name = Main.storyboard;
			sourceTree = "<group>";
		};
		1A3FB592257F63130063CC46 /* LaunchScreen.storyboard */ = {
			isa = PBXVariantGroup;
			children = (
				1A3FB593257F63130063CC46 /* Base */,
			);
			name = LaunchScreen.storyboard;
			sourceTree = "<group>";
		};
/* End PBXVariantGroup section */

/* Begin XCBuildConfiguration section */
		1A3FB598257F63130063CC46 /* Debug */ = {
			isa = XCBuildConfiguration;
			buildSettings = {
				ALWAYS_SEARCH_USER_PATHS = NO;
				CLANG_ANALYZER_NONNULL = YES;
				CLANG_ANALYZER_NUMBER_OBJECT_CONVERSION = YES_AGGRESSIVE;
				CLANG_CXX_LANGUAGE_STANDARD = "gnu++14";
				CLANG_CXX_LIBRARY = "libc++";
				CLANG_ENABLE_MODULES = YES;
				CLANG_ENABLE_OBJC_ARC = YES;
				CLANG_ENABLE_OBJC_WEAK = YES;
				CLANG_WARN_BLOCK_CAPTURE_AUTORELEASING = YES;
				CLANG_WARN_BOOL_CONVERSION = YES;
				CLANG_WARN_COMMA = YES;
				CLANG_WARN_CONSTANT_CONVERSION = YES;
				CLANG_WARN_DEPRECATED_OBJC_IMPLEMENTATIONS = YES;
				CLANG_WARN_DIRECT_OBJC_ISA_USAGE = YES_ERROR;
				CLANG_WARN_DOCUMENTATION_COMMENTS = YES;
				CLANG_WARN_EMPTY_BODY = YES;
				CLANG_WARN_ENUM_CONVERSION = YES;
				CLANG_WARN_INFINITE_RECURSION = YES;
				CLANG_WARN_INT_CONVERSION = YES;
				CLANG_WARN_NON_LITERAL_NULL_CONVERSION = YES;
				CLANG_WARN_OBJC_IMPLICIT_RETAIN_SELF = YES;
				CLANG_WARN_OBJC_LITERAL_CONVERSION = YES;
				CLANG_WARN_OBJC_ROOT_CLASS = YES_ERROR;
				CLANG_WARN_QUOTED_INCLUDE_IN_FRAMEWORK_HEADER = YES;
				CLANG_WARN_RANGE_LOOP_ANALYSIS = YES;
				CLANG_WARN_STRICT_PROTOTYPES = YES;
				CLANG_WARN_SUSPICIOUS_MOVE = YES;
				CLANG_WARN_UNGUARDED_AVAILABILITY = YES_AGGRESSIVE;
				CLANG_WARN_UNREACHABLE_CODE = YES;
				CLANG_WARN__DUPLICATE_METHOD_MATCH = YES;
				COPY_PHASE_STRIP = NO;
				DEBUG_INFORMATION_FORMAT = dwarf;
				ENABLE_STRICT_OBJC_MSGSEND = YES;
				ENABLE_TESTABILITY = YES;
				GCC_C_LANGUAGE_STANDARD = gnu11;
				GCC_DYNAMIC_NO_PIC = NO;
				GCC_NO_COMMON_BLOCKS = YES;
				GCC_OPTIMIZATION_LEVEL = 0;
				GCC_PREPROCESSOR_DEFINITIONS = (
					"DEBUG=1",
					"$(inherited)",
				);
				GCC_WARN_64_TO_32_BIT_CONVERSION = YES;
				GCC_WARN_ABOUT_RETURN_TYPE = YES_ERROR;
				GCC_WARN_UNDECLARED_SELECTOR = YES;
				GCC_WARN_UNINITIALIZED_AUTOS = YES_AGGRESSIVE;
				GCC_WARN_UNUSED_FUNCTION = YES;
				GCC_WARN_UNUSED_VARIABLE = YES;
				IPHONEOS_DEPLOYMENT_TARGET = 14.2;
				MTL_ENABLE_DEBUG_INFO = INCLUDE_SOURCE;
				MTL_FAST_MATH = YES;
				ONLY_ACTIVE_ARCH = YES;
				SDKROOT = iphoneos;
			};
			name = Debug;
		};
		1A3FB599257F63130063CC46 /* Release */ = {
			isa = XCBuildConfiguration;
			buildSettings = {
				ALWAYS_SEARCH_USER_PATHS = NO;
				CLANG_ANALYZER_NONNULL = YES;
				CLANG_ANALYZER_NUMBER_OBJECT_CONVERSION = YES_AGGRESSIVE;
				CLANG_CXX_LANGUAGE_STANDARD = "gnu++14";
				CLANG_CXX_LIBRARY = "libc++";
				CLANG_ENABLE_MODULES = YES;
				CLANG_ENABLE_OBJC_ARC = YES;
				CLANG_ENABLE_OBJC_WEAK = YES;
				CLANG_WARN_BLOCK_CAPTURE_AUTORELEASING = YES;
				CLANG_WARN_BOOL_CONVERSION = YES;
				CLANG_WARN_COMMA = YES;
				CLANG_WARN_CONSTANT_CONVERSION = YES;
				CLANG_WARN_DEPRECATED_OBJC_IMPLEMENTATIONS = YES;
				CLANG_WARN_DIRECT_OBJC_ISA_USAGE = YES_ERROR;
				CLANG_WARN_DOCUMENTATION_COMMENTS = YES;
				CLANG_WARN_EMPTY_BODY = YES;
				CLANG_WARN_ENUM_CONVERSION = YES;
				CLANG_WARN_INFINITE_RECURSION = YES;
				CLANG_WARN_INT_CONVERSION = YES;
				CLANG_WARN_NON_LITERAL_NULL_CONVERSION = YES;
				CLANG_WARN_OBJC_IMPLICIT_RETAIN_SELF = YES;
				CLANG_WARN_OBJC_LITERAL_CONVERSION = YES;
				CLANG_WARN_OBJC_ROOT_CLASS = YES_ERROR;
				CLANG_WARN_QUOTED_INCLUDE_IN_FRAMEWORK_HEADER = YES;
				CLANG_WARN_RANGE_LOOP_ANALYSIS = YES;
				CLANG_WARN_STRICT_PROTOTYPES = YES;
				CLANG_WARN_SUSPICIOUS_MOVE = YES;
				CLANG_WARN_UNGUARDED_AVAILABILITY = YES_AGGRESSIVE;
				CLANG_WARN_UNREACHABLE_CODE = YES;
				CLANG_WARN__DUPLICATE_METHOD_MATCH = YES;
				COPY_PHASE_STRIP = NO;
				DEBUG_INFORMATION_FORMAT = "dwarf-with-dsym";
				ENABLE_NS_ASSERTIONS = NO;
				ENABLE_STRICT_OBJC_MSGSEND = YES;
				GCC_C_LANGUAGE_STANDARD = gnu11;
				GCC_NO_COMMON_BLOCKS = YES;
				GCC_WARN_64_TO_32_BIT_CONVERSION = YES;
				GCC_WARN_ABOUT_RETURN_TYPE = YES_ERROR;
				GCC_WARN_UNDECLARED_SELECTOR = YES;
				GCC_WARN_UNINITIALIZED_AUTOS = YES_AGGRESSIVE;
				GCC_WARN_UNUSED_FUNCTION = YES;
				GCC_WARN_UNUSED_VARIABLE = YES;
				IPHONEOS_DEPLOYMENT_TARGET = 14.2;
				MTL_ENABLE_DEBUG_INFO = NO;
				MTL_FAST_MATH = YES;
				SDKROOT = iphoneos;
				VALIDATE_PRODUCT = YES;
			};
			name = Release;
		};
		1A3FB59B257F63130063CC46 /* Debug */ = {
			isa = XCBuildConfiguration;
			buildSettings = {
				ASSETCATALOG_COMPILER_APPICON_NAME = AppIcon;
				ASSETCATALOG_COMPILER_GLOBAL_ACCENT_COLOR_NAME = AccentColor;
				CODE_SIGN_STYLE = Automatic;
				INFOPLIST_FILE = OffScreen/Info.plist;
				LD_RUNPATH_SEARCH_PATHS = (
					"$(inherited)",
					"@executable_path/Frameworks",
				);
				PRODUCT_BUNDLE_IDENTIFIER = "---.OffScreen";
				PRODUCT_NAME = "$(TARGET_NAME)";
				TARGETED_DEVICE_FAMILY = "1,2";
			};
			name = Debug;
		};
		1A3FB59C257F63130063CC46 /* Release */ = {
			isa = XCBuildConfiguration;
			buildSettings = {
				ASSETCATALOG_COMPILER_APPICON_NAME = AppIcon;
				ASSETCATALOG_COMPILER_GLOBAL_ACCENT_COLOR_NAME = AccentColor;
				CODE_SIGN_STYLE = Automatic;
				INFOPLIST_FILE = OffScreen/Info.plist;
				LD_RUNPATH_SEARCH_PATHS = (
					"$(inherited)",
					"@executable_path/Frameworks",
				);
				PRODUCT_BUNDLE_IDENTIFIER = "---.OffScreen";
				PRODUCT_NAME = "$(TARGET_NAME)";
				TARGETED_DEVICE_FAMILY = "1,2";
			};
			name = Release;
		};
/* End XCBuildConfiguration section */

/* Begin XCConfigurationList section */
		1A3FB57C257F63110063CC46 /* Build configuration list for PBXProject "OffScreen" */ = {
			isa = XCConfigurationList;
			buildConfigurations = (
				1A3FB598257F63130063CC46 /* Debug */,
				1A3FB599257F63130063CC46 /* Release */,
			);
			defaultConfigurationIsVisible = 0;
			defaultConfigurationName = Release;
		};
		1A3FB59A257F63130063CC46 /* Build configuration list for PBXNativeTarget "OffScreen" */ = {
			isa = XCConfigurationList;
			buildConfigurations = (
				1A3FB59B257F63130063CC46 /* Debug */,
				1A3FB59C257F63130063CC46 /* Release */,
			);
			defaultConfigurationIsVisible = 0;
			defaultConfigurationName = Release;
		};
/* End XCConfigurationList section */
	};
	rootObject = 1A3FB579257F63110063CC46 /* Project object */;
}
